
Microsoft Visual Studio Solution File, Format Version 12.00
# Visual Studio Version 16
VisualStudioVersion = 16.0.30804.86
MinimumVisualStudioVersion = 10.0.40219.1
Project("{2150E333-8FDC-42A3-9474-1A3956D46DE8}") = "src", "src", "{B0117549-05DF-44BA-BD49-176B3630CE5E}"
EndProject
Project("{2150E333-8FDC-42A3-9474-1A3956D46DE8}") = "test", "test", "{6E0A5B67-65DD-4B8D-B321-41F15FC5DC69}"
EndProject
Project("{2150E333-8FDC-42A3-9474-1A3956D46DE8}") = "API", "API", "{DEB494CD-2DF7-49C9-8AEF-9A3892AC32D2}"
EndProject
Project("{2150E333-8FDC-42A3-9474-1A3956D46DE8}") = "Core", "Core", "{57490692-3761-47A7-BDDC-AF8CE8AD6C2A}"
EndProject
Project("{2150E333-8FDC-42A3-9474-1A3956D46DE8}") = "infrastructure", "infrastructure", "{80A821E2-A0C3-41D6-8C88-8F8CAB2B6120}"
EndProject
Project("{2150E333-8FDC-42A3-9474-1A3956D46DE8}") = "UI", "UI", "{69E266D6-0DE5-455E-A3F8-7BC1A4F3D519}"
EndProject
Project("{FAE04EC0-301F-11D3-BF4B-00C04F79EFBC}") = "Domain", "Domain\Domain.csproj", "{559BA635-141F-4DE7-97D1-2584C54F9691}"
EndProject
Project("{FAE04EC0-301F-11D3-BF4B-00C04F79EFBC}") = "Application", "Application\Application.csproj", "{8691E4B1-E057-4ADE-B8E8-B0532889D3C0}"
EndProject
Project("{FAE04EC0-301F-11D3-BF4B-00C04F79EFBC}") = "Persistence", "Persistence\Persistence.csproj", "{A0F834DB-9763-426A-9AF5-804924C4D131}"
EndProject
Project("{FAE04EC0-301F-11D3-BF4B-00C04F79EFBC}") = "WebAPI", "WebAPI\WebAPI.csproj", "{AD057E5E-1E0C-48E2-B640-B305DD2D3B63}"
EndProject
Project("{FAE04EC0-301F-11D3-BF4B-00C04F79EFBC}") = "infra", "infra\infra.csproj", "{A6A2B719-FDA7-4DAC-AA41-81E57489CB42}"
EndProject
Global
	GlobalSection(SolutionConfigurationPlatforms) = preSolution
		Debug|Any CPU = Debug|Any CPU
		Release|Any CPU = Release|Any CPU
	EndGlobalSection
	GlobalSection(ProjectConfigurationPlatforms) = postSolution
		{559BA635-141F-4DE7-97D1-2584C54F9691}.Debug|Any CPU.ActiveCfg = Debug|Any CPU
		{559BA635-141F-4DE7-97D1-2584C54F9691}.Debug|Any CPU.Build.0 = Debug|Any CPU
		{559BA635-141F-4DE7-97D1-2584C54F9691}.Release|Any CPU.ActiveCfg = Release|Any CPU
		{559BA635-141F-4DE7-97D1-2584C54F9691}.Release|Any CPU.Build.0 = Release|Any CPU
		{8691E4B1-E057-4ADE-B8E8-B0532889D3C0}.Debug|Any CPU.ActiveCfg = Debug|Any CPU
		{8691E4B1-E057-4ADE-B8E8-B0532889D3C0}.Debug|Any CPU.Build.0 = Debug|Any CPU
		{8691E4B1-E057-4ADE-B8E8-B0532889D3C0}.Release|Any CPU.ActiveCfg = Release|Any CPU
		{8691E4B1-E057-4ADE-B8E8-B0532889D3C0}.Release|Any CPU.Build.0 = Release|Any CPU
		{A0F834DB-9763-426A-9AF5-804924C4D131}.Debug|Any CPU.ActiveCfg = Debug|Any CPU
		{A0F834DB-9763-426A-9AF5-804924C4D131}.Debug|Any CPU.Build.0 = Debug|Any CPU
		{A0F834DB-9763-426A-9AF5-804924C4D131}.Release|Any CPU.ActiveCfg = Release|Any CPU
		{A0F834DB-9763-426A-9AF5-804924C4D131}.Release|Any CPU.Build.0 = Release|Any CPU
		{AD057E5E-1E0C-48E2-B640-B305DD2D3B63}.Debug|Any CPU.ActiveCfg = Debug|Any CPU
		{AD057E5E-1E0C-48E2-B640-B305DD2D3B63}.Debug|Any CPU.Build.0 = Debug|Any CPU
		{AD057E5E-1E0C-48E2-B640-B305DD2D3B63}.Release|Any CPU.ActiveCfg = Release|Any CPU
		{AD057E5E-1E0C-48E2-B640-B305DD2D3B63}.Release|Any CPU.Build.0 = Release|Any CPU
		{A6A2B719-FDA7-4DAC-AA41-81E57489CB42}.Debug|Any CPU.ActiveCfg = Debug|Any CPU
		{A6A2B719-FDA7-4DAC-AA41-81E57489CB42}.Debug|Any CPU.Build.0 = Debug|Any CPU
		{A6A2B719-FDA7-4DAC-AA41-81E57489CB42}.Release|Any CPU.ActiveCfg = Release|Any CPU
		{A6A2B719-FDA7-4DAC-AA41-81E57489CB42}.Release|Any CPU.Build.0 = Release|Any CPU
	EndGlobalSection
	GlobalSection(SolutionProperties) = preSolution
		HideSolutionNode = FALSE
	EndGlobalSection
	GlobalSection(NestedProjects) = preSolution
		{DEB494CD-2DF7-49C9-8AEF-9A3892AC32D2} = {B0117549-05DF-44BA-BD49-176B3630CE5E}
		{57490692-3761-47A7-BDDC-AF8CE8AD6C2A} = {B0117549-05DF-44BA-BD49-176B3630CE5E}
		{80A821E2-A0C3-41D6-8C88-8F8CAB2B6120} = {B0117549-05DF-44BA-BD49-176B3630CE5E}
		{69E266D6-0DE5-455E-A3F8-7BC1A4F3D519} = {B0117549-05DF-44BA-BD49-176B3630CE5E}
		{559BA635-141F-4DE7-97D1-2584C54F9691} = {57490692-3761-47A7-BDDC-AF8CE8AD6C2A}
		{8691E4B1-E057-4ADE-B8E8-B0532889D3C0} = {57490692-3761-47A7-BDDC-AF8CE8AD6C2A}
		{A0F834DB-9763-426A-9AF5-804924C4D131} = {80A821E2-A0C3-41D6-8C88-8F8CAB2B6120}
		{AD057E5E-1E0C-48E2-B640-B305DD2D3B63} = {DEB494CD-2DF7-49C9-8AEF-9A3892AC32D2}
		{A6A2B719-FDA7-4DAC-AA41-81E57489CB42} = {80A821E2-A0C3-41D6-8C88-8F8CAB2B6120}
	EndGlobalSection
	GlobalSection(ExtensibilityGlobals) = postSolution
		SolutionGuid = {C8451634-3B13-47C3-A1BC-C483FF1E1B49}
	EndGlobalSection
EndGlobal
