
Microsoft Visual Studio Solution File, Format Version 12.00
# Visual Studio Version 16
VisualStudioVersion = 16.0.30804.86
MinimumVisualStudioVersion = 10.0.40219.1
Project("{2150E333-8FDC-42A3-9474-1A3956D46DE8}") = "src", "src", "{B0117549-05DF-44BA-BD49-176B3630CE5E}"
EndProject
Project("{2150E333-8FDC-42A3-9474-1A3956D46DE8}") = "test", "test", "{6E0A5B67-65DD-4B8D-B321-41F15FC5DC69}"
EndProject
Project("{2150E333-8FDC-42A3-9474-1A3956D46DE8}") = "API", "API", "{DEB494CD-2DF7-49C9-8AEF-9A3892AC32D2}"
EndProject
Project("{2150E333-8FDC-42A3-9474-1A3956D46DE8}") = "Core", "Core", "{57490692-3761-47A7-BDDC-AF8CE8AD6C2A}"
EndProject
Project("{2150E333-8FDC-42A3-9474-1A3956D46DE8}") = "infrastructure", "infrastructure", "{80A821E2-A0C3-41D6-8C88-8F8CAB2B6120}"
EndProject
Project("{2150E333-8FDC-42A3-9474-1A3956D46DE8}") = "UI", "UI", "{69E266D6-0DE5-455E-A3F8-7BC1A4F3D519}"
EndProject
Project("{9A19103F-16F7-4668-BE54-9A1E7A4F7556}") = "Domain", "Domain\Domain.csproj", "{559BA635-141F-4DE7-97D1-2584C54F9691}"
EndProject
Project("{9A19103F-16F7-4668-BE54-9A1E7A4F7556}") = "Application", "Application\Application.csproj", "{8691E4B1-E057-4ADE-B8E8-B0532889D3C0}"
EndProject
Project("{9A19103F-16F7-4668-BE54-9A1E7A4F7556}") = "Persistence", "Persistence\Persistence.csproj", "{A0F834DB-9763-426A-9AF5-804924C4D131}"
EndProject
Project("{9A19103F-16F7-4668-BE54-9A1E7A4F7556}") = "WebAPI", "WebAPI\WebAPI.csproj", "{AD057E5E-1E0C-48E2-B640-B305DD2D3B63}"
EndProject
Project("{9A19103F-16F7-4668-BE54-9A1E7A4F7556}") = "infra", "infra\infra.csproj", "{A6A2B719-FDA7-4DAC-AA41-81E57489CB42}"
EndProject
Project("{2150E333-8FDC-42A3-9474-1A3956D46DE8}") = "Benchmark", "Benchmark", "{43B67D96-12BF-4629-8C5D-172A70C91018}"
EndProject
Project("{9A19103F-16F7-4668-BE54-9A1E7A4F7556}") = "Benchmarking", "Benchmarking\Benchmarking.csproj", "{8593C1E0-403E-4EC4-898E-C92BA053979E}"
EndProject
Project("{2150E333-8FDC-42A3-9474-1A3956D46DE8}") = "ZPattern", "ZPattern", "{7213DC78-66A5-4F06-A89A-7AA15D97C771}"
EndProject
Project("{9A19103F-16F7-4668-BE54-9A1E7A4F7556}") = "WorkFlowPattern", "WorkFlowPattern\WorkFlowPattern.csproj", "{532942CD-5935-4719-8CAC-1946B633D2F7}"
EndProject
Project("{9A19103F-16F7-4668-BE54-9A1E7A4F7556}") = "TemplateTT4", "TemplateTT4\TemplateTT4.csproj", "{7F9219BB-653B-492F-BD23-CE1435BEBAEF}"
EndProject
Project("{9A19103F-16F7-4668-BE54-9A1E7A4F7556}") = "BuilderPatternGenerator.sln", "BuilderPatternGenerator.sln\BuilderPatternGenerator.sln.csproj", "{68D5FB7F-1A62-4B31-91BE-2FE7D5C3739B}"
EndProject
Project("{2150E333-8FDC-42A3-9474-1A3956D46DE8}") = "Builder", "Builder", "{19196B89-3576-42F9-9B0E-6E8D2987D70B}"
EndProject
Project("{9A19103F-16F7-4668-BE54-9A1E7A4F7556}") = "BuilderCommon", "BuilderCommon.csproj\BuilderCommon.csproj", "{BCC3A769-1E8B-4C88-8F46-13590A5F2C89}"
EndProject
Project("{FAE04EC0-301F-11D3-BF4B-00C04F79EFBC}") = "BuilderGenerator", "BuilderGenerator\BuilderGenerator.csproj", "{E0D61000-41A7-4AD9-8445-AC50FF669307}"
EndProject
Project("{2150E333-8FDC-42A3-9474-1A3956D46DE8}") = "ScaffoldFromDataBase", "ScaffoldFromDataBase", "{98DF14D4-07F6-4063-AD59-22951A206999}"
EndProject
Project("{FAE04EC0-301F-11D3-BF4B-00C04F79EFBC}") = "ScaffoldDB", "ScaffoldDB\ScaffoldDB.csproj", "{783B3406-AAAD-4019-B0B6-EC5744E89B89}"
EndProject
Global
	GlobalSection(SolutionConfigurationPlatforms) = preSolution
		Debug|Any CPU = Debug|Any CPU
		Release|Any CPU = Release|Any CPU
	EndGlobalSection
	GlobalSection(ProjectConfigurationPlatforms) = postSolution
		{559BA635-141F-4DE7-97D1-2584C54F9691}.Debug|Any CPU.ActiveCfg = Debug|Any CPU
		{559BA635-141F-4DE7-97D1-2584C54F9691}.Debug|Any CPU.Build.0 = Debug|Any CPU
		{559BA635-141F-4DE7-97D1-2584C54F9691}.Release|Any CPU.ActiveCfg = Release|Any CPU
		{559BA635-141F-4DE7-97D1-2584C54F9691}.Release|Any CPU.Build.0 = Release|Any CPU
		{8691E4B1-E057-4ADE-B8E8-B0532889D3C0}.Debug|Any CPU.ActiveCfg = Debug|Any CPU
		{8691E4B1-E057-4ADE-B8E8-B0532889D3C0}.Debug|Any CPU.Build.0 = Debug|Any CPU
		{8691E4B1-E057-4ADE-B8E8-B0532889D3C0}.Release|Any CPU.ActiveCfg = Release|Any CPU
		{8691E4B1-E057-4ADE-B8E8-B0532889D3C0}.Release|Any CPU.Build.0 = Release|Any CPU
		{A0F834DB-9763-426A-9AF5-804924C4D131}.Debug|Any CPU.ActiveCfg = Debug|Any CPU
		{A0F834DB-9763-426A-9AF5-804924C4D131}.Debug|Any CPU.Build.0 = Debug|Any CPU
		{A0F834DB-9763-426A-9AF5-804924C4D131}.Release|Any CPU.ActiveCfg = Release|Any CPU
		{A0F834DB-9763-426A-9AF5-804924C4D131}.Release|Any CPU.Build.0 = Release|Any CPU
		{AD057E5E-1E0C-48E2-B640-B305DD2D3B63}.Debug|Any CPU.ActiveCfg = Debug|Any CPU
		{AD057E5E-1E0C-48E2-B640-B305DD2D3B63}.Debug|Any CPU.Build.0 = Debug|Any CPU
		{AD057E5E-1E0C-48E2-B640-B305DD2D3B63}.Release|Any CPU.ActiveCfg = Release|Any CPU
		{AD057E5E-1E0C-48E2-B640-B305DD2D3B63}.Release|Any CPU.Build.0 = Release|Any CPU
		{A6A2B719-FDA7-4DAC-AA41-81E57489CB42}.Debug|Any CPU.ActiveCfg = Debug|Any CPU
		{A6A2B719-FDA7-4DAC-AA41-81E57489CB42}.Debug|Any CPU.Build.0 = Debug|Any CPU
		{A6A2B719-FDA7-4DAC-AA41-81E57489CB42}.Release|Any CPU.ActiveCfg = Release|Any CPU
		{A6A2B719-FDA7-4DAC-AA41-81E57489CB42}.Release|Any CPU.Build.0 = Release|Any CPU
		{8593C1E0-403E-4EC4-898E-C92BA053979E}.Debug|Any CPU.ActiveCfg = Debug|Any CPU
		{8593C1E0-403E-4EC4-898E-C92BA053979E}.Debug|Any CPU.Build.0 = Debug|Any CPU
		{8593C1E0-403E-4EC4-898E-C92BA053979E}.Release|Any CPU.ActiveCfg = Release|Any CPU
		{8593C1E0-403E-4EC4-898E-C92BA053979E}.Release|Any CPU.Build.0 = Release|Any CPU
		{532942CD-5935-4719-8CAC-1946B633D2F7}.Debug|Any CPU.ActiveCfg = Debug|Any CPU
		{532942CD-5935-4719-8CAC-1946B633D2F7}.Debug|Any CPU.Build.0 = Debug|Any CPU
		{532942CD-5935-4719-8CAC-1946B633D2F7}.Release|Any CPU.ActiveCfg = Release|Any CPU
		{532942CD-5935-4719-8CAC-1946B633D2F7}.Release|Any CPU.Build.0 = Release|Any CPU
		{7F9219BB-653B-492F-BD23-CE1435BEBAEF}.Debug|Any CPU.ActiveCfg = Debug|Any CPU
		{7F9219BB-653B-492F-BD23-CE1435BEBAEF}.Debug|Any CPU.Build.0 = Debug|Any CPU
		{7F9219BB-653B-492F-BD23-CE1435BEBAEF}.Release|Any CPU.ActiveCfg = Release|Any CPU
		{7F9219BB-653B-492F-BD23-CE1435BEBAEF}.Release|Any CPU.Build.0 = Release|Any CPU
		{68D5FB7F-1A62-4B31-91BE-2FE7D5C3739B}.Debug|Any CPU.ActiveCfg = Debug|Any CPU
		{68D5FB7F-1A62-4B31-91BE-2FE7D5C3739B}.Debug|Any CPU.Build.0 = Debug|Any CPU
		{68D5FB7F-1A62-4B31-91BE-2FE7D5C3739B}.Release|Any CPU.ActiveCfg = Release|Any CPU
		{68D5FB7F-1A62-4B31-91BE-2FE7D5C3739B}.Release|Any CPU.Build.0 = Release|Any CPU
		{BCC3A769-1E8B-4C88-8F46-13590A5F2C89}.Debug|Any CPU.ActiveCfg = Debug|Any CPU
		{BCC3A769-1E8B-4C88-8F46-13590A5F2C89}.Debug|Any CPU.Build.0 = Debug|Any CPU
		{BCC3A769-1E8B-4C88-8F46-13590A5F2C89}.Release|Any CPU.ActiveCfg = Release|Any CPU
		{BCC3A769-1E8B-4C88-8F46-13590A5F2C89}.Release|Any CPU.Build.0 = Release|Any CPU
		{E0D61000-41A7-4AD9-8445-AC50FF669307}.Debug|Any CPU.ActiveCfg = Debug|Any CPU
		{E0D61000-41A7-4AD9-8445-AC50FF669307}.Debug|Any CPU.Build.0 = Debug|Any CPU
		{E0D61000-41A7-4AD9-8445-AC50FF669307}.Release|Any CPU.ActiveCfg = Release|Any CPU
		{E0D61000-41A7-4AD9-8445-AC50FF669307}.Release|Any CPU.Build.0 = Release|Any CPU
		{783B3406-AAAD-4019-B0B6-EC5744E89B89}.Debug|Any CPU.ActiveCfg = Debug|Any CPU
		{783B3406-AAAD-4019-B0B6-EC5744E89B89}.Debug|Any CPU.Build.0 = Debug|Any CPU
		{783B3406-AAAD-4019-B0B6-EC5744E89B89}.Release|Any CPU.ActiveCfg = Release|Any CPU
		{783B3406-AAAD-4019-B0B6-EC5744E89B89}.Release|Any CPU.Build.0 = Release|Any CPU
	EndGlobalSection
	GlobalSection(SolutionProperties) = preSolution
		HideSolutionNode = FALSE
	EndGlobalSection
	GlobalSection(NestedProjects) = preSolution
		{DEB494CD-2DF7-49C9-8AEF-9A3892AC32D2} = {B0117549-05DF-44BA-BD49-176B3630CE5E}
		{57490692-3761-47A7-BDDC-AF8CE8AD6C2A} = {B0117549-05DF-44BA-BD49-176B3630CE5E}
		{80A821E2-A0C3-41D6-8C88-8F8CAB2B6120} = {B0117549-05DF-44BA-BD49-176B3630CE5E}
		{69E266D6-0DE5-455E-A3F8-7BC1A4F3D519} = {B0117549-05DF-44BA-BD49-176B3630CE5E}
		{559BA635-141F-4DE7-97D1-2584C54F9691} = {57490692-3761-47A7-BDDC-AF8CE8AD6C2A}
		{8691E4B1-E057-4ADE-B8E8-B0532889D3C0} = {57490692-3761-47A7-BDDC-AF8CE8AD6C2A}
		{A0F834DB-9763-426A-9AF5-804924C4D131} = {80A821E2-A0C3-41D6-8C88-8F8CAB2B6120}
		{AD057E5E-1E0C-48E2-B640-B305DD2D3B63} = {DEB494CD-2DF7-49C9-8AEF-9A3892AC32D2}
		{A6A2B719-FDA7-4DAC-AA41-81E57489CB42} = {80A821E2-A0C3-41D6-8C88-8F8CAB2B6120}
		{43B67D96-12BF-4629-8C5D-172A70C91018} = {6E0A5B67-65DD-4B8D-B321-41F15FC5DC69}
		{8593C1E0-403E-4EC4-898E-C92BA053979E} = {43B67D96-12BF-4629-8C5D-172A70C91018}
		{532942CD-5935-4719-8CAC-1946B633D2F7} = {7213DC78-66A5-4F06-A89A-7AA15D97C771}
		{7F9219BB-653B-492F-BD23-CE1435BEBAEF} = {7213DC78-66A5-4F06-A89A-7AA15D97C771}
		{68D5FB7F-1A62-4B31-91BE-2FE7D5C3739B} = {19196B89-3576-42F9-9B0E-6E8D2987D70B}
		{19196B89-3576-42F9-9B0E-6E8D2987D70B} = {7213DC78-66A5-4F06-A89A-7AA15D97C771}
		{BCC3A769-1E8B-4C88-8F46-13590A5F2C89} = {19196B89-3576-42F9-9B0E-6E8D2987D70B}
		{E0D61000-41A7-4AD9-8445-AC50FF669307} = {19196B89-3576-42F9-9B0E-6E8D2987D70B}
		{783B3406-AAAD-4019-B0B6-EC5744E89B89} = {98DF14D4-07F6-4063-AD59-22951A206999}
	EndGlobalSection
	GlobalSection(ExtensibilityGlobals) = postSolution
		SolutionGuid = {C8451634-3B13-47C3-A1BC-C483FF1E1B49}
	EndGlobalSection
EndGlobal
